{
  "version": 4,
  "terraform_version": "1.8.0",
  "serial": 5,
  "lineage": "a62f17b0-0c5e-44fd-feba-242439f06b8f",
  "outputs": {},
  "resources": [
    {
      "mode": "managed",
      "type": "aws_vpc",
      "name": "vpc-ohio",
      "provider": "provider[\"registry.terraform.io/hashicorp/aws\"].ohio",
      "instances": [
        {
          "schema_version": 1,
          "attributes": {
            "arn": "arn:aws:ec2:us-east-2:976859928792:vpc/vpc-0647ed6ab00d7b90a",
            "assign_generated_ipv6_cidr_block": false,
            "cidr_block": "10.10.0.0/16",
            "default_network_acl_id": "acl-024976eaca5bf124a",
            "default_route_table_id": "rtb-0311fd880e3ba965a",
            "default_security_group_id": "sg-09482fbeef41a95ac",
            "dhcp_options_id": "dopt-028a23ded2edb9f3c",
            "enable_classiclink": false,
            "enable_classiclink_dns_support": false,
            "enable_dns_hostnames": false,
            "enable_dns_support": true,
            "enable_network_address_usage_metrics": false,
            "id": "vpc-0647ed6ab00d7b90a",
            "instance_tenancy": "default",
            "ipv4_ipam_pool_id": null,
            "ipv4_netmask_length": null,
            "ipv6_association_id": "",
            "ipv6_cidr_block": "",
            "ipv6_cidr_block_network_border_group": "",
            "ipv6_ipam_pool_id": "",
            "ipv6_netmask_length": 0,
            "main_route_table_id": "rtb-0311fd880e3ba965a",
            "owner_id": "976859928792",
            "tags": {
              "Name": "SC",
              "env": "Dev"
            },
            "tags_all": {
              "Name": "SC",
              "env": "Dev"
            }
          },
          "sensitive_attributes": [],
          "private": "eyJzY2hlbWFfdmVyc2lvbiI6IjEifQ=="
        }
      ]
    },
    {
      "mode": "managed",
      "type": "aws_vpc",
      "name": "vpc-virginia",
      "provider": "provider[\"registry.terraform.io/hashicorp/aws\"]",
      "instances": [
        {
          "schema_version": 1,
          "attributes": {
            "arn": "arn:aws:ec2:us-east-1:976859928792:vpc/vpc-0616394127083e655",
            "assign_generated_ipv6_cidr_block": false,
            "cidr_block": "10.10.0.0/16",
            "default_network_acl_id": "acl-05cc052b3ebcf2f73",
            "default_route_table_id": "rtb-07fc6f8c028c7073b",
            "default_security_group_id": "sg-011b73fccbcbb68cc",
            "dhcp_options_id": "dopt-0a58c513d3a09e3a7",
            "enable_classiclink": false,
            "enable_classiclink_dns_support": false,
            "enable_dns_hostnames": false,
            "enable_dns_support": true,
            "enable_network_address_usage_metrics": false,
            "id": "vpc-0616394127083e655",
            "instance_tenancy": "default",
            "ipv4_ipam_pool_id": null,
            "ipv4_netmask_length": null,
            "ipv6_association_id": "",
            "ipv6_cidr_block": "",
            "ipv6_cidr_block_network_border_group": "",
            "ipv6_ipam_pool_id": "",
            "ipv6_netmask_length": 0,
            "main_route_table_id": "rtb-07fc6f8c028c7073b",
            "owner_id": "976859928792",
            "tags": {
              "Name": "SC",
              "env": "Dev"
            },
            "tags_all": {
              "Name": "SC",
              "env": "Dev"
            }
          },
          "sensitive_attributes": [],
          "private": "eyJzY2hlbWFfdmVyc2lvbiI6IjEifQ=="
        }
      ]
    }
  ],
  "check_results": null
}
