{
  "version": 4,
  "terraform_version": "1.8.0",
  "serial": 192,
  "lineage": "a62f17b0-0c5e-44fd-feba-242439f06b8f",
  "outputs": {},
  "resources": [
    {
      "mode": "data",
      "type": "aws_key_pair",
      "name": "key",
      "provider": "provider[\"registry.terraform.io/hashicorp/aws\"]",
      "instances": [
        {
          "schema_version": 0,
          "attributes": {
            "arn": "arn:aws:ec2:us-east-1:976859928792:key-pair/mykey",
            "create_time": "2024-04-15T17:40:26Z",
            "filter": null,
            "fingerprint": "37:28:4b:81:4c:f4:e1:6e:d1:49:8b:1d:c0:3a:76:d8:40:22:22:95",
            "id": "key-0b6703f9fccc2ad07",
            "include_public_key": false,
            "key_name": "mykey",
            "key_pair_id": "key-0b6703f9fccc2ad07",
            "key_type": "rsa",
            "public_key": "",
            "tags": {},
            "timeouts": null
          },
          "sensitive_attributes": []
        }
      ]
    },
    {
      "mode": "managed",
      "type": "aws_instance",
      "name": "public_instance",
      "provider": "provider[\"registry.terraform.io/hashicorp/aws\"]",
      "instances": [
        {
          "index_key": "apache",
          "schema_version": 1,
          "attributes": {
            "ami": "ami-051f8a213df8bc089",
            "arn": "arn:aws:ec2:us-east-1:976859928792:instance/i-07578ddcef2fcd71d",
            "associate_public_ip_address": true,
            "availability_zone": "us-east-1c",
            "capacity_reservation_specification": [
              {
                "capacity_reservation_preference": "open",
                "capacity_reservation_target": []
              }
            ],
            "cpu_core_count": 1,
            "cpu_threads_per_core": 1,
            "credit_specification": [
              {
                "cpu_credits": "standard"
              }
            ],
            "disable_api_stop": false,
            "disable_api_termination": false,
            "ebs_block_device": [],
            "ebs_optimized": false,
            "enclave_options": [
              {
                "enabled": false
              }
            ],
            "ephemeral_block_device": [],
            "get_password_data": false,
            "hibernation": false,
            "host_id": null,
            "host_resource_group_arn": null,
            "iam_instance_profile": "",
            "id": "i-07578ddcef2fcd71d",
            "instance_initiated_shutdown_behavior": "stop",
            "instance_state": "running",
            "instance_type": "t2.micro",
            "ipv6_address_count": 0,
            "ipv6_addresses": [],
            "key_name": "mykey",
            "launch_template": [],
            "maintenance_options": [
              {
                "auto_recovery": "default"
              }
            ],
            "metadata_options": [
              {
                "http_endpoint": "enabled",
                "http_put_response_hop_limit": 2,
                "http_tokens": "required",
                "instance_metadata_tags": "disabled"
              }
            ],
            "monitoring": false,
            "network_interface": [],
            "outpost_arn": "",
            "password_data": "",
            "placement_group": "",
            "placement_partition_number": null,
            "primary_network_interface_id": "eni-0963da3d60e5b23c8",
            "private_dns": "ip-10-10-0-133.ec2.internal",
            "private_dns_name_options": [
              {
                "enable_resource_name_dns_a_record": false,
                "enable_resource_name_dns_aaaa_record": false,
                "hostname_type": "ip-name"
              }
            ],
            "private_ip": "10.10.0.133",
            "public_dns": "",
            "public_ip": "3.90.241.227",
            "root_block_device": [
              {
                "delete_on_termination": true,
                "device_name": "/dev/xvda",
                "encrypted": false,
                "iops": 3000,
                "kms_key_id": "",
                "tags": {},
                "throughput": 125,
                "volume_id": "vol-0d694f00cba0713c4",
                "volume_size": 8,
                "volume_type": "gp3"
              }
            ],
            "secondary_private_ips": [],
            "security_groups": [],
            "source_dest_check": true,
            "subnet_id": "subnet-0e5179412529403d3",
            "tags": {
              "Name": "apache-cerverus-dev-virginia",
              "schedule": "enable"
            },
            "tags_all": {
              "Name": "apache-cerverus-dev-virginia",
              "env": "dev",
              "iac": "Terraform",
              "owner": "Sebastian",
              "project": "cerverus",
              "region": "virginia",
              "schedule": "enable"
            },
            "tenancy": "default",
            "timeouts": null,
            "user_data": "e38e799b3bf594682c763a537df488e0398cba19",
            "user_data_base64": null,
            "user_data_replace_on_change": false,
            "volume_tags": null,
            "vpc_security_group_ids": [
              "sg-07b10f9758b712ddd"
            ]
          },
          "sensitive_attributes": [],
          "private": "eyJlMmJmYjczMC1lY2FhLTExZTYtOGY4OC0zNDM2M2JjN2M0YzAiOnsiY3JlYXRlIjo2MDAwMDAwMDAwMDAsImRlbGV0ZSI6MTIwMDAwMDAwMDAwMCwidXBkYXRlIjo2MDAwMDAwMDAwMDB9LCJzY2hlbWFfdmVyc2lvbiI6IjEifQ==",
          "dependencies": [
            "aws_security_group.sg_public_instance",
            "aws_subnet.public_subnet",
            "aws_vpc.vpc-virginia",
            "data.aws_key_pair.key"
          ]
        },
        {
          "index_key": "mysql",
          "schema_version": 1,
          "attributes": {
            "ami": "ami-051f8a213df8bc089",
            "arn": "arn:aws:ec2:us-east-1:976859928792:instance/i-0effe35ac5ee4fe68",
            "associate_public_ip_address": true,
            "availability_zone": "us-east-1c",
            "capacity_reservation_specification": [
              {
                "capacity_reservation_preference": "open",
                "capacity_reservation_target": []
              }
            ],
            "cpu_core_count": 1,
            "cpu_threads_per_core": 1,
            "credit_specification": [
              {
                "cpu_credits": "standard"
              }
            ],
            "disable_api_stop": false,
            "disable_api_termination": false,
            "ebs_block_device": [],
            "ebs_optimized": false,
            "enclave_options": [
              {
                "enabled": false
              }
            ],
            "ephemeral_block_device": [],
            "get_password_data": false,
            "hibernation": false,
            "host_id": null,
            "host_resource_group_arn": null,
            "iam_instance_profile": "",
            "id": "i-0effe35ac5ee4fe68",
            "instance_initiated_shutdown_behavior": "stop",
            "instance_state": "running",
            "instance_type": "t2.micro",
            "ipv6_address_count": 0,
            "ipv6_addresses": [],
            "key_name": "mykey",
            "launch_template": [],
            "maintenance_options": [
              {
                "auto_recovery": "default"
              }
            ],
            "metadata_options": [
              {
                "http_endpoint": "enabled",
                "http_put_response_hop_limit": 2,
                "http_tokens": "required",
                "instance_metadata_tags": "disabled"
              }
            ],
            "monitoring": false,
            "network_interface": [],
            "outpost_arn": "",
            "password_data": "",
            "placement_group": "",
            "placement_partition_number": null,
            "primary_network_interface_id": "eni-00107f40b0a6316d4",
            "private_dns": "ip-10-10-0-71.ec2.internal",
            "private_dns_name_options": [
              {
                "enable_resource_name_dns_a_record": false,
                "enable_resource_name_dns_aaaa_record": false,
                "hostname_type": "ip-name"
              }
            ],
            "private_ip": "10.10.0.71",
            "public_dns": "",
            "public_ip": "54.198.49.128",
            "root_block_device": [
              {
                "delete_on_termination": true,
                "device_name": "/dev/xvda",
                "encrypted": false,
                "iops": 3000,
                "kms_key_id": "",
                "tags": {},
                "throughput": 125,
                "volume_id": "vol-0fc681b3fcd03923c",
                "volume_size": 8,
                "volume_type": "gp3"
              }
            ],
            "secondary_private_ips": [],
            "security_groups": [],
            "source_dest_check": true,
            "subnet_id": "subnet-0e5179412529403d3",
            "tags": {
              "Name": "mysql-cerverus-dev-virginia",
              "schedule": "enable"
            },
            "tags_all": {
              "Name": "mysql-cerverus-dev-virginia",
              "env": "dev",
              "iac": "Terraform",
              "owner": "Sebastian",
              "project": "cerverus",
              "region": "virginia",
              "schedule": "enable"
            },
            "tenancy": "default",
            "timeouts": null,
            "user_data": "e38e799b3bf594682c763a537df488e0398cba19",
            "user_data_base64": null,
            "user_data_replace_on_change": false,
            "volume_tags": null,
            "vpc_security_group_ids": [
              "sg-07b10f9758b712ddd"
            ]
          },
          "sensitive_attributes": [],
          "private": "eyJlMmJmYjczMC1lY2FhLTExZTYtOGY4OC0zNDM2M2JjN2M0YzAiOnsiY3JlYXRlIjo2MDAwMDAwMDAwMDAsImRlbGV0ZSI6MTIwMDAwMDAwMDAwMCwidXBkYXRlIjo2MDAwMDAwMDAwMDB9LCJzY2hlbWFfdmVyc2lvbiI6IjEifQ==",
          "dependencies": [
            "aws_security_group.sg_public_instance",
            "aws_subnet.public_subnet",
            "aws_vpc.vpc-virginia",
            "data.aws_key_pair.key"
          ]
        }
      ]
    },
    {
      "mode": "managed",
      "type": "aws_internet_gateway",
      "name": "gw",
      "provider": "provider[\"registry.terraform.io/hashicorp/aws\"]",
      "instances": [
        {
          "schema_version": 0,
          "attributes": {
            "arn": "arn:aws:ec2:us-east-1:976859928792:internet-gateway/igw-0a409b4034fc1da88",
            "id": "igw-0a409b4034fc1da88",
            "owner_id": "976859928792",
            "tags": {
              "Name": "igw_internet_gateway-cerverus-dev-virginia"
            },
            "tags_all": {
              "Name": "igw_internet_gateway-cerverus-dev-virginia",
              "env": "dev",
              "iac": "Terraform",
              "owner": "Sebastian",
              "project": "cerverus",
              "region": "virginia"
            },
            "timeouts": null,
            "vpc_id": "vpc-0efd4f7511e0218ed"
          },
          "sensitive_attributes": [],
          "private": "eyJlMmJmYjczMC1lY2FhLTExZTYtOGY4OC0zNDM2M2JjN2M0YzAiOnsiY3JlYXRlIjoxMjAwMDAwMDAwMDAwLCJkZWxldGUiOjEyMDAwMDAwMDAwMDAsInVwZGF0ZSI6MTIwMDAwMDAwMDAwMH19",
          "dependencies": [
            "aws_vpc.vpc-virginia"
          ]
        }
      ]
    },
    {
      "mode": "managed",
      "type": "aws_route_table",
      "name": "public_crt",
      "provider": "provider[\"registry.terraform.io/hashicorp/aws\"]",
      "instances": [
        {
          "schema_version": 0,
          "attributes": {
            "arn": "arn:aws:ec2:us-east-1:976859928792:route-table/rtb-0b2b815c674d88a00",
            "id": "rtb-0b2b815c674d88a00",
            "owner_id": "976859928792",
            "propagating_vgws": [],
            "route": [
              {
                "carrier_gateway_id": "",
                "cidr_block": "0.0.0.0/0",
                "core_network_arn": "",
                "destination_prefix_list_id": "",
                "egress_only_gateway_id": "",
                "gateway_id": "igw-0a409b4034fc1da88",
                "instance_id": "",
                "ipv6_cidr_block": "",
                "local_gateway_id": "",
                "nat_gateway_id": "",
                "network_interface_id": "",
                "transit_gateway_id": "",
                "vpc_endpoint_id": "",
                "vpc_peering_connection_id": ""
              }
            ],
            "tags": {
              "Name": "public_crt-cerverus-dev-virginia"
            },
            "tags_all": {
              "Name": "public_crt-cerverus-dev-virginia",
              "env": "dev",
              "iac": "Terraform",
              "owner": "Sebastian",
              "project": "cerverus",
              "region": "virginia"
            },
            "timeouts": null,
            "vpc_id": "vpc-0efd4f7511e0218ed"
          },
          "sensitive_attributes": [],
          "private": "eyJlMmJmYjczMC1lY2FhLTExZTYtOGY4OC0zNDM2M2JjN2M0YzAiOnsiY3JlYXRlIjozMDAwMDAwMDAwMDAsImRlbGV0ZSI6MzAwMDAwMDAwMDAwLCJ1cGRhdGUiOjEyMDAwMDAwMDAwMH19",
          "dependencies": [
            "aws_internet_gateway.gw",
            "aws_vpc.vpc-virginia"
          ]
        }
      ]
    },
    {
      "mode": "managed",
      "type": "aws_route_table_association",
      "name": "crta_public_subnet",
      "provider": "provider[\"registry.terraform.io/hashicorp/aws\"]",
      "instances": [
        {
          "schema_version": 0,
          "attributes": {
            "gateway_id": "",
            "id": "rtbassoc-00e3278e41d6d8cd4",
            "route_table_id": "rtb-0b2b815c674d88a00",
            "subnet_id": "subnet-0e5179412529403d3"
          },
          "sensitive_attributes": [],
          "private": "bnVsbA==",
          "dependencies": [
            "aws_internet_gateway.gw",
            "aws_route_table.public_crt",
            "aws_subnet.public_subnet",
            "aws_vpc.vpc-virginia"
          ]
        }
      ]
    },
    {
      "mode": "managed",
      "type": "aws_s3_bucket",
      "name": "cerverus_bucket",
      "provider": "provider[\"registry.terraform.io/hashicorp/aws\"]",
      "instances": [
        {
          "schema_version": 0,
          "attributes": {
            "acceleration_status": "",
            "acl": null,
            "arn": "arn:aws:s3:::cerverus-4rcjqsiy",
            "bucket": "cerverus-4rcjqsiy",
            "bucket_domain_name": "cerverus-4rcjqsiy.s3.amazonaws.com",
            "bucket_prefix": null,
            "bucket_regional_domain_name": "cerverus-4rcjqsiy.s3.amazonaws.com",
            "cors_rule": [],
            "force_destroy": false,
            "grant": [
              {
                "id": "84cf6c172c54a35d7be65693b19468971feff290bfa63f70c8490e99a2fe2165",
                "permissions": [
                  "FULL_CONTROL"
                ],
                "type": "CanonicalUser",
                "uri": ""
              }
            ],
            "hosted_zone_id": "Z3AQBSTGFYJSTF",
            "id": "cerverus-4rcjqsiy",
            "lifecycle_rule": [],
            "logging": [],
            "object_lock_configuration": [],
            "object_lock_enabled": false,
            "policy": "",
            "region": "us-east-1",
            "replication_configuration": [],
            "request_payer": "BucketOwner",
            "server_side_encryption_configuration": [
              {
                "rule": [
                  {
                    "apply_server_side_encryption_by_default": [
                      {
                        "kms_master_key_id": "",
                        "sse_algorithm": "AES256"
                      }
                    ],
                    "bucket_key_enabled": false
                  }
                ]
              }
            ],
            "tags": null,
            "tags_all": {
              "env": "dev",
              "iac": "Terraform",
              "owner": "Sebastian",
              "project": "cerverus",
              "region": "virginia"
            },
            "timeouts": null,
            "versioning": [
              {
                "enabled": false,
                "mfa_delete": false
              }
            ],
            "website": [],
            "website_domain": null,
            "website_endpoint": null
          },
          "sensitive_attributes": [],
          "private": "eyJlMmJmYjczMC1lY2FhLTExZTYtOGY4OC0zNDM2M2JjN2M0YzAiOnsiY3JlYXRlIjoxMjAwMDAwMDAwMDAwLCJkZWxldGUiOjM2MDAwMDAwMDAwMDAsInJlYWQiOjEyMDAwMDAwMDAwMDAsInVwZGF0ZSI6MTIwMDAwMDAwMDAwMH19",
          "dependencies": [
            "random_string.sufijo-s3"
          ]
        }
      ]
    },
    {
      "mode": "managed",
      "type": "aws_security_group",
      "name": "sg_public_instance",
      "provider": "provider[\"registry.terraform.io/hashicorp/aws\"]",
      "instances": [
        {
          "schema_version": 1,
          "attributes": {
            "arn": "arn:aws:ec2:us-east-1:976859928792:security-group/sg-07b10f9758b712ddd",
            "description": "Allow SSH inbound traffic and ALL egress traffic",
            "egress": [
              {
                "cidr_blocks": [
                  "0.0.0.0/0"
                ],
                "description": "",
                "from_port": 0,
                "ipv6_cidr_blocks": [],
                "prefix_list_ids": [],
                "protocol": "-1",
                "security_groups": [],
                "self": false,
                "to_port": 0
              }
            ],
            "id": "sg-07b10f9758b712ddd",
            "ingress": [
              {
                "cidr_blocks": [
                  "0.0.0.0/0"
                ],
                "description": "",
                "from_port": 22,
                "ipv6_cidr_blocks": [],
                "prefix_list_ids": [],
                "protocol": "tcp",
                "security_groups": [],
                "self": false,
                "to_port": 22
              },
              {
                "cidr_blocks": [
                  "0.0.0.0/0"
                ],
                "description": "",
                "from_port": 443,
                "ipv6_cidr_blocks": [],
                "prefix_list_ids": [],
                "protocol": "tcp",
                "security_groups": [],
                "self": false,
                "to_port": 443
              },
              {
                "cidr_blocks": [
                  "0.0.0.0/0"
                ],
                "description": "",
                "from_port": 80,
                "ipv6_cidr_blocks": [],
                "prefix_list_ids": [],
                "protocol": "tcp",
                "security_groups": [],
                "self": false,
                "to_port": 80
              }
            ],
            "name": "Public Instance SG",
            "name_prefix": "",
            "owner_id": "976859928792",
            "revoke_rules_on_delete": false,
            "tags": null,
            "tags_all": {
              "env": "dev",
              "iac": "Terraform",
              "owner": "Sebastian",
              "project": "cerverus",
              "region": "virginia"
            },
            "timeouts": null,
            "vpc_id": "vpc-0efd4f7511e0218ed"
          },
          "sensitive_attributes": [],
          "private": "eyJlMmJmYjczMC1lY2FhLTExZTYtOGY4OC0zNDM2M2JjN2M0YzAiOnsiY3JlYXRlIjo2MDAwMDAwMDAwMDAsImRlbGV0ZSI6OTAwMDAwMDAwMDAwfSwic2NoZW1hX3ZlcnNpb24iOiIxIn0=",
          "dependencies": [
            "aws_vpc.vpc-virginia"
          ]
        }
      ]
    },
    {
      "mode": "managed",
      "type": "aws_subnet",
      "name": "private_subnet",
      "provider": "provider[\"registry.terraform.io/hashicorp/aws\"]",
      "instances": [
        {
          "schema_version": 1,
          "attributes": {
            "arn": "arn:aws:ec2:us-east-1:976859928792:subnet/subnet-0c80b80b6851bcc17",
            "assign_ipv6_address_on_creation": false,
            "availability_zone": "us-east-1c",
            "availability_zone_id": "use1-az6",
            "cidr_block": "10.10.1.0/24",
            "customer_owned_ipv4_pool": "",
            "enable_dns64": false,
            "enable_resource_name_dns_a_record_on_launch": false,
            "enable_resource_name_dns_aaaa_record_on_launch": false,
            "id": "subnet-0c80b80b6851bcc17",
            "ipv6_cidr_block": "",
            "ipv6_cidr_block_association_id": "",
            "ipv6_native": false,
            "map_customer_owned_ip_on_launch": false,
            "map_public_ip_on_launch": false,
            "outpost_arn": "",
            "owner_id": "976859928792",
            "private_dns_hostname_type_on_launch": "ip-name",
            "tags": {
              "Name": "private_subnet-cerverus-dev-virginia"
            },
            "tags_all": {
              "Name": "private_subnet-cerverus-dev-virginia",
              "env": "dev",
              "iac": "Terraform",
              "owner": "Sebastian",
              "project": "cerverus",
              "region": "virginia"
            },
            "timeouts": null,
            "vpc_id": "vpc-0efd4f7511e0218ed"
          },
          "sensitive_attributes": [],
          "private": "eyJlMmJmYjczMC1lY2FhLTExZTYtOGY4OC0zNDM2M2JjN2M0YzAiOnsiY3JlYXRlIjo2MDAwMDAwMDAwMDAsImRlbGV0ZSI6MTIwMDAwMDAwMDAwMH0sInNjaGVtYV92ZXJzaW9uIjoiMSJ9",
          "dependencies": [
            "aws_subnet.public_subnet",
            "aws_vpc.vpc-virginia"
          ]
        }
      ]
    },
    {
      "mode": "managed",
      "type": "aws_subnet",
      "name": "public_subnet",
      "provider": "provider[\"registry.terraform.io/hashicorp/aws\"]",
      "instances": [
        {
          "schema_version": 1,
          "attributes": {
            "arn": "arn:aws:ec2:us-east-1:976859928792:subnet/subnet-0e5179412529403d3",
            "assign_ipv6_address_on_creation": false,
            "availability_zone": "us-east-1c",
            "availability_zone_id": "use1-az6",
            "cidr_block": "10.10.0.0/24",
            "customer_owned_ipv4_pool": "",
            "enable_dns64": false,
            "enable_resource_name_dns_a_record_on_launch": false,
            "enable_resource_name_dns_aaaa_record_on_launch": false,
            "id": "subnet-0e5179412529403d3",
            "ipv6_cidr_block": "",
            "ipv6_cidr_block_association_id": "",
            "ipv6_native": false,
            "map_customer_owned_ip_on_launch": false,
            "map_public_ip_on_launch": true,
            "outpost_arn": "",
            "owner_id": "976859928792",
            "private_dns_hostname_type_on_launch": "ip-name",
            "tags": {
              "Name": "public_subnet-cerverus-dev-virginia"
            },
            "tags_all": {
              "Name": "public_subnet-cerverus-dev-virginia",
              "env": "dev",
              "iac": "Terraform",
              "owner": "Sebastian",
              "project": "cerverus",
              "region": "virginia"
            },
            "timeouts": null,
            "vpc_id": "vpc-0efd4f7511e0218ed"
          },
          "sensitive_attributes": [],
          "private": "eyJlMmJmYjczMC1lY2FhLTExZTYtOGY4OC0zNDM2M2JjN2M0YzAiOnsiY3JlYXRlIjo2MDAwMDAwMDAwMDAsImRlbGV0ZSI6MTIwMDAwMDAwMDAwMH0sInNjaGVtYV92ZXJzaW9uIjoiMSJ9",
          "dependencies": [
            "aws_vpc.vpc-virginia"
          ]
        }
      ]
    },
    {
      "mode": "managed",
      "type": "aws_vpc",
      "name": "vpc-virginia",
      "provider": "provider[\"registry.terraform.io/hashicorp/aws\"]",
      "instances": [
        {
          "schema_version": 1,
          "attributes": {
            "arn": "arn:aws:ec2:us-east-1:976859928792:vpc/vpc-0efd4f7511e0218ed",
            "assign_generated_ipv6_cidr_block": false,
            "cidr_block": "10.10.0.0/16",
            "default_network_acl_id": "acl-060b2d97f3326b005",
            "default_route_table_id": "rtb-07a59b1b973fa9ba9",
            "default_security_group_id": "sg-074da8b1190b147b9",
            "dhcp_options_id": "dopt-0a58c513d3a09e3a7",
            "enable_classiclink": false,
            "enable_classiclink_dns_support": false,
            "enable_dns_hostnames": false,
            "enable_dns_support": true,
            "enable_network_address_usage_metrics": false,
            "id": "vpc-0efd4f7511e0218ed",
            "instance_tenancy": "default",
            "ipv4_ipam_pool_id": null,
            "ipv4_netmask_length": null,
            "ipv6_association_id": "",
            "ipv6_cidr_block": "",
            "ipv6_cidr_block_network_border_group": "",
            "ipv6_ipam_pool_id": "",
            "ipv6_netmask_length": 0,
            "main_route_table_id": "rtb-07a59b1b973fa9ba9",
            "owner_id": "976859928792",
            "tags": {
              "Name": "vpc_virginia-cerverus-dev-virginia"
            },
            "tags_all": {
              "Name": "vpc_virginia-cerverus-dev-virginia",
              "env": "dev",
              "iac": "Terraform",
              "owner": "Sebastian",
              "project": "cerverus",
              "region": "virginia"
            }
          },
          "sensitive_attributes": [],
          "private": "eyJzY2hlbWFfdmVyc2lvbiI6IjEifQ=="
        }
      ]
    },
    {
      "mode": "managed",
      "type": "random_string",
      "name": "sufijo-s3",
      "provider": "provider[\"registry.terraform.io/hashicorp/random\"]",
      "instances": [
        {
          "schema_version": 2,
          "attributes": {
            "id": "4rcjqsiy",
            "keepers": null,
            "length": 8,
            "lower": true,
            "min_lower": 0,
            "min_numeric": 0,
            "min_special": 0,
            "min_upper": 0,
            "number": true,
            "numeric": true,
            "override_special": null,
            "result": "4rcjqsiy",
            "special": false,
            "upper": false
          },
          "sensitive_attributes": []
        }
      ]
    },
    {
      "module": "module.ec2-rds-scheduler",
      "mode": "data",
      "type": "archive_file",
      "name": "asg_shutdown",
      "provider": "provider[\"registry.terraform.io/hashicorp/archive\"]",
      "instances": [
        {
          "schema_version": 0,
          "attributes": {
            "exclude_symlink_directories": null,
            "excludes": null,
            "id": "0d684ab91ed613e5d38db8c2d123a41fe490174a",
            "output_base64sha256": "s295Mrt4ipcGkrKo0N9oWMReOzQYohMGyAob8MFL3oI=",
            "output_base64sha512": "7ymjoKHDTqRr+CKhN+Pydv+GTC14i7UEbhC8wDnte8EROu8dyWVG0+tsBZUtlImIeLJ+FDMQpUoMMzezO7pK2A==",
            "output_file_mode": null,
            "output_md5": "ac891c846be74745561cdadeb6dd513f",
            "output_path": ".terraform/modules/ec2-rds-scheduler/resources/asg_shutdown.zip",
            "output_sha": "0d684ab91ed613e5d38db8c2d123a41fe490174a",
            "output_sha256": "b36f7932bb788a970692b2a8d0df6858c45e3b3418a21306c80a1bf0c14bde82",
            "output_sha512": "ef29a3a0a1c34ea46bf822a137e3f276ff864c2d788bb5046e10bcc039ed7bc1113aef1dc96546d3eb6c05952d94898878b27e143310a54a0c3337b33bba4ad8",
            "output_size": 699,
            "source": [],
            "source_content": null,
            "source_content_filename": null,
            "source_dir": null,
            "source_file": ".terraform/modules/ec2-rds-scheduler/resources/asg_shutdown.py",
            "type": "zip"
          },
          "sensitive_attributes": []
        }
      ]
    },
    {
      "module": "module.ec2-rds-scheduler",
      "mode": "data",
      "type": "archive_file",
      "name": "asg_start",
      "provider": "provider[\"registry.terraform.io/hashicorp/archive\"]",
      "instances": [
        {
          "schema_version": 0,
          "attributes": {
            "exclude_symlink_directories": null,
            "excludes": null,
            "id": "e8362906cbef64716f8ad60b307edab92dae0827",
            "output_base64sha256": "ynuF3hvV7UgOEh7P4NNoZhKFM3z6REdHRZODuVcmXI4=",
            "output_base64sha512": "IHbm0iEg/phoWz7xVZr8Dn7GfVFGvEajZ4G1ODMx2Bn/yFlblAYwzP/uIWS8epXi/UHyNOx6BUvodyG7TteOhw==",
            "output_file_mode": null,
            "output_md5": "cfd0bb808eb669c18673889aedfb31e5",
            "output_path": ".terraform/modules/ec2-rds-scheduler/resources/asg_start.zip",
            "output_sha": "e8362906cbef64716f8ad60b307edab92dae0827",
            "output_sha256": "ca7b85de1bd5ed480e121ecfe0d368661285337cfa444747459383b957265c8e",
            "output_sha512": "2076e6d22120fe98685b3ef1559afc0e7ec67d5146bc46a36781b5383331d819ffc8595b940630ccffee2164bc7a95e2fd41f234ec7a054be87721bb4ed78e87",
            "output_size": 692,
            "source": [],
            "source_content": null,
            "source_content_filename": null,
            "source_dir": null,
            "source_file": ".terraform/modules/ec2-rds-scheduler/resources/asg_start.py",
            "type": "zip"
          },
          "sensitive_attributes": []
        }
      ]
    },
    {
      "module": "module.ec2-rds-scheduler",
      "mode": "data",
      "type": "archive_file",
      "name": "aurora_shutdown",
      "provider": "provider[\"registry.terraform.io/hashicorp/archive\"]",
      "instances": [
        {
          "schema_version": 0,
          "attributes": {
            "exclude_symlink_directories": null,
            "excludes": null,
            "id": "92d0a33558ae266fc43da1f2cfd81b5f684634a2",
            "output_base64sha256": "3OzFXS35v4oYyPl+A5pQReW83ysJflOlSiqlAKapvTU=",
            "output_base64sha512": "UwXAZf/h4DkWShvkTmRqpk4zvpevCOfgDdI65hlsh6BtLxnZSL8+DnzJqlc3JOs4grYEx1ikLULp08ElA/cLdw==",
            "output_file_mode": null,
            "output_md5": "ef3eae6f8fce7ba8bf14a472a6c3fe4f",
            "output_path": ".terraform/modules/ec2-rds-scheduler/resources/aurora_shutdown.zip",
            "output_sha": "92d0a33558ae266fc43da1f2cfd81b5f684634a2",
            "output_sha256": "dcecc55d2df9bf8a18c8f97e039a5045e5bcdf2b097e53a54a2aa500a6a9bd35",
            "output_sha512": "5305c065ffe1e039164a1be44e646aa64e33be97af08e7e00dd23ae6196c87a06d2f19d948bf3e0e7cc9aa573724eb3882b604c758a42d42e9d3c12503f70b77",
            "output_size": 552,
            "source": [],
            "source_content": null,
            "source_content_filename": null,
            "source_dir": null,
            "source_file": ".terraform/modules/ec2-rds-scheduler/resources/aurora_shutdown.py",
            "type": "zip"
          },
          "sensitive_attributes": []
        }
      ]
    },
    {
      "module": "module.ec2-rds-scheduler",
      "mode": "data",
      "type": "archive_file",
      "name": "aurora_start",
      "provider": "provider[\"registry.terraform.io/hashicorp/archive\"]",
      "instances": [
        {
          "schema_version": 0,
          "attributes": {
            "exclude_symlink_directories": null,
            "excludes": null,
            "id": "7795e496485ae08b8816077c2c1c311691610320",
            "output_base64sha256": "SV3WV15y1gJTU83Baco/uURD0/hjB13z5JKpEkpKFfY=",
            "output_base64sha512": "AefFoqPhQIs8yYXpjVq9ckIe5uDk6rhLpGcAOd9VJFhfBuQyW5fx7DcSD2ccbzLbTLFb2Zyt2qB9fQlaBn9HYg==",
            "output_file_mode": null,
            "output_md5": "a609430c42c70238cccab6cfbd118de9",
            "output_path": ".terraform/modules/ec2-rds-scheduler/resources/aurora_start.zip",
            "output_sha": "7795e496485ae08b8816077c2c1c311691610320",
            "output_sha256": "495dd6575e72d6025353cdc169ca3fb94443d3f863075df3e492a9124a4a15f6",
            "output_sha512": "01e7c5a2a3e1408b3cc985e98d5abd72421ee6e0e4eab84ba4670039df5524585f06e4325b97f1ec37120f671c6f32db4cb15bd99caddaa07d7d095a067f4762",
            "output_size": 543,
            "source": [],
            "source_content": null,
            "source_content_filename": null,
            "source_dir": null,
            "source_file": ".terraform/modules/ec2-rds-scheduler/resources/aurora_start.py",
            "type": "zip"
          },
          "sensitive_attributes": []
        }
      ]
    },
    {
      "module": "module.ec2-rds-scheduler",
      "mode": "data",
      "type": "archive_file",
      "name": "ec2_python_shutdown",
      "provider": "provider[\"registry.terraform.io/hashicorp/archive\"]",
      "instances": [
        {
          "schema_version": 0,
          "attributes": {
            "exclude_symlink_directories": null,
            "excludes": null,
            "id": "725ee51fa489daba56b709db7a2035789eb70d6a",
            "output_base64sha256": "IBrDu6M7uTASqngsveaoapeSewDSvLEXp4bgpRHo6Is=",
            "output_base64sha512": "3AS62MOfFasawrYG3umoSm3vBuRnn21ZA/s1FGP7w8RRg2oxEStjAp3mqP6vy/nEgNBfDhE0bfqDfwxopk5doA==",
            "output_file_mode": null,
            "output_md5": "d3ada8c7de039307f50dd91cc0fecb64",
            "output_path": ".terraform/modules/ec2-rds-scheduler/resources/ec2_shutdown.zip",
            "output_sha": "725ee51fa489daba56b709db7a2035789eb70d6a",
            "output_sha256": "201ac3bba33bb93012aa782cbde6a86a97927b00d2bcb117a786e0a511e8e88b",
            "output_sha512": "dc04bad8c39f15ab1ac2b606dee9a84a6def06e4679f6d5903fb351463fbc3c451836a31112b63029de6a8feafcbf9c480d05f0e11346dfa837f0c68a64e5da0",
            "output_size": 466,
            "source": [],
            "source_content": null,
            "source_content_filename": null,
            "source_dir": null,
            "source_file": ".terraform/modules/ec2-rds-scheduler/resources/ec2_shutdown.py",
            "type": "zip"
          },
          "sensitive_attributes": []
        }
      ]
    },
    {
      "module": "module.ec2-rds-scheduler",
      "mode": "data",
      "type": "archive_file",
      "name": "ec2_python_start",
      "provider": "provider[\"registry.terraform.io/hashicorp/archive\"]",
      "instances": [
        {
          "schema_version": 0,
          "attributes": {
            "exclude_symlink_directories": null,
            "excludes": null,
            "id": "b18778fcb00a93ff2ea0351fd0c581b2a492ca2f",
            "output_base64sha256": "7MVcdpdTjGod0CMbd7Hs3DUCsWQ8HNL5Z+yP0BSoYCw=",
            "output_base64sha512": "x1DjNSjXXzDQsQYuem+42Lv8MdRS3BqbYEmhiAOPzsUu4aKyl1EH3EuhZ9DNCHIloEolHvTkiYHxn1J91A982A==",
            "output_file_mode": null,
            "output_md5": "46024799ff77cf6177cc55897fc11c23",
            "output_path": ".terraform/modules/ec2-rds-scheduler/resources/ec2_start.zip",
            "output_sha": "b18778fcb00a93ff2ea0351fd0c581b2a492ca2f",
            "output_sha256": "ecc55c7697538c6a1dd0231b77b1ecdc3502b1643c1cd2f967ec8fd014a8602c",
            "output_sha512": "c750e33528d75f30d0b1062e7a6fb8d8bbfc31d452dc1a9b6049a188038fcec52ee1a2b2975107dc4ba167d0cd087225a04a251ef4e48981f19f527dd40f7cd8",
            "output_size": 464,
            "source": [],
            "source_content": null,
            "source_content_filename": null,
            "source_dir": null,
            "source_file": ".terraform/modules/ec2-rds-scheduler/resources/ec2_start.py",
            "type": "zip"
          },
          "sensitive_attributes": []
        }
      ]
    },
    {
      "module": "module.ec2-rds-scheduler",
      "mode": "data",
      "type": "archive_file",
      "name": "rds_python_shutdown",
      "provider": "provider[\"registry.terraform.io/hashicorp/archive\"]",
      "instances": [
        {
          "schema_version": 0,
          "attributes": {
            "exclude_symlink_directories": null,
            "excludes": null,
            "id": "d808e1ce91bc6f3397937de883e365b9ab01774f",
            "output_base64sha256": "686UUe2wtxJvWLDYvWFAXUzQn6OUZTFOemCBNV0nzdg=",
            "output_base64sha512": "urDXKGX9bUKl48SE43x/PtV5Z1NKuR8YgnrNdhelUktivb0/LQR1fgPvl2FMLtuhbLOJqTH9OYwd790Y0b8Y4g==",
            "output_file_mode": null,
            "output_md5": "d4a58554db9d9fcab4fc412c625ffd1a",
            "output_path": ".terraform/modules/ec2-rds-scheduler/resources/rds_shutdown.zip",
            "output_sha": "d808e1ce91bc6f3397937de883e365b9ab01774f",
            "output_sha256": "ebce9451edb0b7126f58b0d8bd61405d4cd09fa39465314e7a6081355d27cdd8",
            "output_sha512": "bab0d72865fd6d42a5e3c484e37c7f3ed57967534ab91f18827acd7617a5524b62bdbd3f2d04757e03ef97614c2edba16cb389a931fd398c1defdd18d1bf18e2",
            "output_size": 535,
            "source": [],
            "source_content": null,
            "source_content_filename": null,
            "source_dir": null,
            "source_file": ".terraform/modules/ec2-rds-scheduler/resources/rds_shutdown.py",
            "type": "zip"
          },
          "sensitive_attributes": []
        }
      ]
    },
    {
      "module": "module.ec2-rds-scheduler",
      "mode": "data",
      "type": "archive_file",
      "name": "rds_python_start",
      "provider": "provider[\"registry.terraform.io/hashicorp/archive\"]",
      "instances": [
        {
          "schema_version": 0,
          "attributes": {
            "exclude_symlink_directories": null,
            "excludes": null,
            "id": "3d7d5e284a251a0ad0c1436d46e5fc1d68f1bbd6",
            "output_base64sha256": "E17OEYhbQ8p2Oa/5rMrmvwlRPCULV08yTTVt5WLX32A=",
            "output_base64sha512": "pYCUS9c1s9hNMMJ3XvdZsb769A/z5noysTl9v6bGttt6qw0Ut6gnVVGwkPXa0L7tUOhpfaa+rg/q0pcpIAvSgQ==",
            "output_file_mode": null,
            "output_md5": "ef31e56e98848c5f1ed695a15e9ff14b",
            "output_path": ".terraform/modules/ec2-rds-scheduler/resources/rds_start.zip",
            "output_sha": "3d7d5e284a251a0ad0c1436d46e5fc1d68f1bbd6",
            "output_sha256": "135ece11885b43ca7639aff9accae6bf09513c250b574f324d356de562d7df60",
            "output_sha512": "a580944bd735b3d84d30c2775ef759b1befaf40ff3e67a32b1397dbfa6c6b6db7aab0d14b7a8275551b090f5dad0beed50e8697da6beae0fead29729200bd281",
            "output_size": 531,
            "source": [],
            "source_content": null,
            "source_content_filename": null,
            "source_dir": null,
            "source_file": ".terraform/modules/ec2-rds-scheduler/resources/rds_start.py",
            "type": "zip"
          },
          "sensitive_attributes": []
        }
      ]
    },
    {
      "module": "module.ec2-rds-scheduler",
      "mode": "managed",
      "type": "aws_iam_policy",
      "name": "cloudwatch_events_policy",
      "provider": "provider[\"registry.terraform.io/hashicorp/aws\"]",
      "instances": [
        {
          "schema_version": 0,
          "attributes": {
            "arn": "arn:aws:iam::976859928792:policy/cloudwatch_events_policy",
            "description": "",
            "id": "arn:aws:iam::976859928792:policy/cloudwatch_events_policy",
            "name": "cloudwatch_events_policy",
            "name_prefix": null,
            "path": "/",
            "policy": "{\"Statement\":[{\"Action\":[\"lambda:InvokeFunction\"],\"Effect\":\"Allow\",\"Resource\":\"*\"}],\"Version\":\"2012-10-17\"}",
            "policy_id": "ANPA6G4LDTDMBWHHYXJG6",
            "tags": null,
            "tags_all": {
              "env": "dev",
              "iac": "Terraform",
              "owner": "Sebastian",
              "project": "cerverus",
              "region": "virginia"
            }
          },
          "sensitive_attributes": [],
          "private": "bnVsbA=="
        }
      ]
    },
    {
      "module": "module.ec2-rds-scheduler",
      "mode": "managed",
      "type": "aws_iam_role",
      "name": "cloudwatch_events_role",
      "provider": "provider[\"registry.terraform.io/hashicorp/aws\"]",
      "instances": [
        {
          "schema_version": 0,
          "attributes": {
            "arn": "arn:aws:iam::976859928792:role/cloudwatch_events_role",
            "assume_role_policy": "{\"Statement\":[{\"Action\":\"sts:AssumeRole\",\"Effect\":\"Allow\",\"Principal\":{\"Service\":\"scheduler.amazonaws.com\"}}],\"Version\":\"2012-10-17\"}",
            "create_date": "2024-04-16T18:21:50Z",
            "description": "",
            "force_detach_policies": false,
            "id": "cloudwatch_events_role",
            "inline_policy": [],
            "managed_policy_arns": [],
            "max_session_duration": 3600,
            "name": "cloudwatch_events_role",
            "name_prefix": "",
            "path": "/",
            "permissions_boundary": null,
            "tags": null,
            "tags_all": {
              "env": "dev",
              "iac": "Terraform",
              "owner": "Sebastian",
              "project": "cerverus",
              "region": "virginia"
            },
            "unique_id": "AROA6G4LDTDMGOXZXX5MU"
          },
          "sensitive_attributes": [],
          "private": "bnVsbA=="
        }
      ]
    },
    {
      "module": "module.ec2-rds-scheduler",
      "mode": "managed",
      "type": "aws_iam_role",
      "name": "lambda_role",
      "provider": "provider[\"registry.terraform.io/hashicorp/aws\"]",
      "instances": [
        {
          "schema_version": 0,
          "attributes": {
            "arn": "arn:aws:iam::976859928792:role/lambda_start_stop",
            "assume_role_policy": "{\"Statement\":[{\"Action\":\"sts:AssumeRole\",\"Effect\":\"Allow\",\"Principal\":{\"Service\":\"lambda.amazonaws.com\"},\"Sid\":\"\"}],\"Version\":\"2012-10-17\"}",
            "create_date": "2024-04-16T18:21:50Z",
            "description": "",
            "force_detach_policies": false,
            "id": "lambda_start_stop",
            "inline_policy": [],
            "managed_policy_arns": [],
            "max_session_duration": 3600,
            "name": "lambda_start_stop",
            "name_prefix": "",
            "path": "/",
            "permissions_boundary": null,
            "tags": null,
            "tags_all": {
              "env": "dev",
              "iac": "Terraform",
              "owner": "Sebastian",
              "project": "cerverus",
              "region": "virginia"
            },
            "unique_id": "AROA6G4LDTDMDRHPXAR4U"
          },
          "sensitive_attributes": [],
          "private": "bnVsbA=="
        }
      ]
    },
    {
      "module": "module.ec2-rds-scheduler",
      "mode": "managed",
      "type": "aws_iam_role_policy",
      "name": "lambda_policy",
      "provider": "provider[\"registry.terraform.io/hashicorp/aws\"]",
      "instances": [
        {
          "schema_version": 0,
          "attributes": {
            "id": "lambda_start_stop:lambda_start_stop_policy",
            "name": "lambda_start_stop_policy",
            "name_prefix": null,
            "policy": "{\n    \"Version\": \"2012-10-17\",\n    \"Statement\": [\n        {\n            \"Effect\": \"Allow\",\n            \"Action\": [\n                \"logs:CreateLogGroup\",\n                \"logs:CreateLogStream\",\n                \"logs:PutLogEvents\"\n            ],\n            \"Resource\": \"arn:aws:logs:*:*:*\"\n        },\n        {\n            \"Effect\": \"Allow\",\n            \"Action\": [\n                \"ec2:DescribeInstances\",\n                \"ec2:StopInstances\",\n                \"ec2:StartInstances\",\n                \"rds:DescribeDBInstances\",\n                \"rds:StopDBInstance\",\n                \"rds:StartDBInstance\",\n                \"rds:ListTagsForResource\",\n                \"rds:DescribeDBClusters\",\n                \"rds:StopDBCluster\",\n                \"rds:StartDBCluster\",\n                \"autoscaling:UpdateAutoScalingGroup\",\n                \"autoscaling:DescribeAutoScalingGroups\",\n                \"autoscaling:SuspendProcesses\",\n                \"autoscaling:ResumeProcesses\"\n            ],\n            \"Resource\": \"*\"\n        }\n    ]\n}\n",
            "role": "lambda_start_stop"
          },
          "sensitive_attributes": [],
          "private": "bnVsbA==",
          "dependencies": [
            "module.ec2-rds-scheduler.aws_iam_role.lambda_role"
          ]
        }
      ]
    },
    {
      "module": "module.ec2-rds-scheduler",
      "mode": "managed",
      "type": "aws_iam_role_policy_attachment",
      "name": "cloudwatch_events_attachment",
      "provider": "provider[\"registry.terraform.io/hashicorp/aws\"]",
      "instances": [
        {
          "schema_version": 0,
          "attributes": {
            "id": "cloudwatch_events_role-20240416182152100400000001",
            "policy_arn": "arn:aws:iam::976859928792:policy/cloudwatch_events_policy",
            "role": "cloudwatch_events_role"
          },
          "sensitive_attributes": [],
          "private": "bnVsbA==",
          "dependencies": [
            "module.ec2-rds-scheduler.aws_iam_policy.cloudwatch_events_policy",
            "module.ec2-rds-scheduler.aws_iam_role.cloudwatch_events_role"
          ]
        }
      ]
    },
    {
      "module": "module.ec2-rds-scheduler",
      "mode": "managed",
      "type": "aws_lambda_function",
      "name": "asg_shutdown",
      "provider": "provider[\"registry.terraform.io/hashicorp/aws\"]",
      "instances": [
        {
          "schema_version": 0,
          "attributes": {
            "architectures": [
              "x86_64"
            ],
            "arn": "arn:aws:lambda:us-east-1:976859928792:function:asg_shutdown",
            "code_signing_config_arn": "",
            "dead_letter_config": [],
            "description": "",
            "environment": [],
            "ephemeral_storage": [
              {
                "size": 512
              }
            ],
            "file_system_config": [],
            "filename": ".terraform/modules/ec2-rds-scheduler/resources/asg_shutdown.zip",
            "function_name": "asg_shutdown",
            "handler": "asg_shutdown.lambda_handler",
            "id": "asg_shutdown",
            "image_config": [],
            "image_uri": "",
            "invoke_arn": "arn:aws:apigateway:us-east-1:lambda:path/2015-03-31/functions/arn:aws:lambda:us-east-1:976859928792:function:asg_shutdown/invocations",
            "kms_key_arn": "",
            "last_modified": "2024-04-16T18:22:22.772+0000",
            "layers": null,
            "memory_size": 128,
            "package_type": "Zip",
            "publish": false,
            "qualified_arn": "arn:aws:lambda:us-east-1:976859928792:function:asg_shutdown:$LATEST",
            "qualified_invoke_arn": "arn:aws:apigateway:us-east-1:lambda:path/2015-03-31/functions/arn:aws:lambda:us-east-1:976859928792:function:asg_shutdown:$LATEST/invocations",
            "reserved_concurrent_executions": -1,
            "role": "arn:aws:iam::976859928792:role/lambda_start_stop",
            "runtime": "python3.8",
            "s3_bucket": null,
            "s3_key": null,
            "s3_object_version": null,
            "signing_job_arn": "",
            "signing_profile_version_arn": "",
            "source_code_hash": "s295Mrt4ipcGkrKo0N9oWMReOzQYohMGyAob8MFL3oI=",
            "source_code_size": 699,
            "tags": null,
            "tags_all": {
              "env": "dev",
              "iac": "Terraform",
              "owner": "Sebastian",
              "project": "cerverus",
              "region": "virginia"
            },
            "timeout": 30,
            "timeouts": null,
            "tracing_config": [
              {
                "mode": "PassThrough"
              }
            ],
            "version": "$LATEST",
            "vpc_config": []
          },
          "sensitive_attributes": [],
          "private": "eyJlMmJmYjczMC1lY2FhLTExZTYtOGY4OC0zNDM2M2JjN2M0YzAiOnsiY3JlYXRlIjo2MDAwMDAwMDAwMDB9fQ==",
          "dependencies": [
            "module.ec2-rds-scheduler.aws_iam_role.lambda_role"
          ]
        }
      ]
    },
    {
      "module": "module.ec2-rds-scheduler",
      "mode": "managed",
      "type": "aws_lambda_function",
      "name": "asg_start",
      "provider": "provider[\"registry.terraform.io/hashicorp/aws\"]",
      "instances": [
        {
          "schema_version": 0,
          "attributes": {
            "architectures": [
              "x86_64"
            ],
            "arn": "arn:aws:lambda:us-east-1:976859928792:function:asg_start",
            "code_signing_config_arn": "",
            "dead_letter_config": [],
            "description": "",
            "environment": [],
            "ephemeral_storage": [
              {
                "size": 512
              }
            ],
            "file_system_config": [],
            "filename": ".terraform/modules/ec2-rds-scheduler/resources/asg_start.zip",
            "function_name": "asg_start",
            "handler": "asg_start.lambda_handler",
            "id": "asg_start",
            "image_config": [],
            "image_uri": "",
            "invoke_arn": "arn:aws:apigateway:us-east-1:lambda:path/2015-03-31/functions/arn:aws:lambda:us-east-1:976859928792:function:asg_start/invocations",
            "kms_key_arn": "",
            "last_modified": "2024-04-16T18:22:17.041+0000",
            "layers": null,
            "memory_size": 128,
            "package_type": "Zip",
            "publish": false,
            "qualified_arn": "arn:aws:lambda:us-east-1:976859928792:function:asg_start:$LATEST",
            "qualified_invoke_arn": "arn:aws:apigateway:us-east-1:lambda:path/2015-03-31/functions/arn:aws:lambda:us-east-1:976859928792:function:asg_start:$LATEST/invocations",
            "reserved_concurrent_executions": -1,
            "role": "arn:aws:iam::976859928792:role/lambda_start_stop",
            "runtime": "python3.8",
            "s3_bucket": null,
            "s3_key": null,
            "s3_object_version": null,
            "signing_job_arn": "",
            "signing_profile_version_arn": "",
            "source_code_hash": "ynuF3hvV7UgOEh7P4NNoZhKFM3z6REdHRZODuVcmXI4=",
            "source_code_size": 692,
            "tags": null,
            "tags_all": {
              "env": "dev",
              "iac": "Terraform",
              "owner": "Sebastian",
              "project": "cerverus",
              "region": "virginia"
            },
            "timeout": 30,
            "timeouts": null,
            "tracing_config": [
              {
                "mode": "PassThrough"
              }
            ],
            "version": "$LATEST",
            "vpc_config": []
          },
          "sensitive_attributes": [],
          "private": "eyJlMmJmYjczMC1lY2FhLTExZTYtOGY4OC0zNDM2M2JjN2M0YzAiOnsiY3JlYXRlIjo2MDAwMDAwMDAwMDB9fQ==",
          "dependencies": [
            "module.ec2-rds-scheduler.aws_iam_role.lambda_role"
          ]
        }
      ]
    },
    {
      "module": "module.ec2-rds-scheduler",
      "mode": "managed",
      "type": "aws_lambda_function",
      "name": "aurora_shutdown",
      "provider": "provider[\"registry.terraform.io/hashicorp/aws\"]",
      "instances": [
        {
          "schema_version": 0,
          "attributes": {
            "architectures": [
              "x86_64"
            ],
            "arn": "arn:aws:lambda:us-east-1:976859928792:function:aurora_shutdown",
            "code_signing_config_arn": "",
            "dead_letter_config": [],
            "description": "",
            "environment": [],
            "ephemeral_storage": [
              {
                "size": 512
              }
            ],
            "file_system_config": [],
            "filename": ".terraform/modules/ec2-rds-scheduler/resources/aurora_shutdown.zip",
            "function_name": "aurora_shutdown",
            "handler": "aurora_shutdown.lambda_handler",
            "id": "aurora_shutdown",
            "image_config": [],
            "image_uri": "",
            "invoke_arn": "arn:aws:apigateway:us-east-1:lambda:path/2015-03-31/functions/arn:aws:lambda:us-east-1:976859928792:function:aurora_shutdown/invocations",
            "kms_key_arn": "",
            "last_modified": "2024-04-16T18:22:28.531+0000",
            "layers": null,
            "memory_size": 128,
            "package_type": "Zip",
            "publish": false,
            "qualified_arn": "arn:aws:lambda:us-east-1:976859928792:function:aurora_shutdown:$LATEST",
            "qualified_invoke_arn": "arn:aws:apigateway:us-east-1:lambda:path/2015-03-31/functions/arn:aws:lambda:us-east-1:976859928792:function:aurora_shutdown:$LATEST/invocations",
            "reserved_concurrent_executions": -1,
            "role": "arn:aws:iam::976859928792:role/lambda_start_stop",
            "runtime": "python3.8",
            "s3_bucket": null,
            "s3_key": null,
            "s3_object_version": null,
            "signing_job_arn": "",
            "signing_profile_version_arn": "",
            "source_code_hash": "3OzFXS35v4oYyPl+A5pQReW83ysJflOlSiqlAKapvTU=",
            "source_code_size": 552,
            "tags": null,
            "tags_all": {
              "env": "dev",
              "iac": "Terraform",
              "owner": "Sebastian",
              "project": "cerverus",
              "region": "virginia"
            },
            "timeout": 30,
            "timeouts": null,
            "tracing_config": [
              {
                "mode": "PassThrough"
              }
            ],
            "version": "$LATEST",
            "vpc_config": []
          },
          "sensitive_attributes": [],
          "private": "eyJlMmJmYjczMC1lY2FhLTExZTYtOGY4OC0zNDM2M2JjN2M0YzAiOnsiY3JlYXRlIjo2MDAwMDAwMDAwMDB9fQ==",
          "dependencies": [
            "module.ec2-rds-scheduler.aws_iam_role.lambda_role"
          ]
        }
      ]
    },
    {
      "module": "module.ec2-rds-scheduler",
      "mode": "managed",
      "type": "aws_lambda_function",
      "name": "aurora_start",
      "provider": "provider[\"registry.terraform.io/hashicorp/aws\"]",
      "instances": [
        {
          "schema_version": 0,
          "attributes": {
            "architectures": [
              "x86_64"
            ],
            "arn": "arn:aws:lambda:us-east-1:976859928792:function:aurora_start",
            "code_signing_config_arn": "",
            "dead_letter_config": [],
            "description": "",
            "environment": [],
            "ephemeral_storage": [
              {
                "size": 512
              }
            ],
            "file_system_config": [],
            "filename": ".terraform/modules/ec2-rds-scheduler/resources/aurora_start.zip",
            "function_name": "aurora_start",
            "handler": "aurora_start.lambda_handler",
            "id": "aurora_start",
            "image_config": [],
            "image_uri": "",
            "invoke_arn": "arn:aws:apigateway:us-east-1:lambda:path/2015-03-31/functions/arn:aws:lambda:us-east-1:976859928792:function:aurora_start/invocations",
            "kms_key_arn": "",
            "last_modified": "2024-04-16T18:21:59.776+0000",
            "layers": null,
            "memory_size": 128,
            "package_type": "Zip",
            "publish": false,
            "qualified_arn": "arn:aws:lambda:us-east-1:976859928792:function:aurora_start:$LATEST",
            "qualified_invoke_arn": "arn:aws:apigateway:us-east-1:lambda:path/2015-03-31/functions/arn:aws:lambda:us-east-1:976859928792:function:aurora_start:$LATEST/invocations",
            "reserved_concurrent_executions": -1,
            "role": "arn:aws:iam::976859928792:role/lambda_start_stop",
            "runtime": "python3.8",
            "s3_bucket": null,
            "s3_key": null,
            "s3_object_version": null,
            "signing_job_arn": "",
            "signing_profile_version_arn": "",
            "source_code_hash": "SV3WV15y1gJTU83Baco/uURD0/hjB13z5JKpEkpKFfY=",
            "source_code_size": 543,
            "tags": null,
            "tags_all": {
              "env": "dev",
              "iac": "Terraform",
              "owner": "Sebastian",
              "project": "cerverus",
              "region": "virginia"
            },
            "timeout": 30,
            "timeouts": null,
            "tracing_config": [
              {
                "mode": "PassThrough"
              }
            ],
            "version": "$LATEST",
            "vpc_config": []
          },
          "sensitive_attributes": [],
          "private": "eyJlMmJmYjczMC1lY2FhLTExZTYtOGY4OC0zNDM2M2JjN2M0YzAiOnsiY3JlYXRlIjo2MDAwMDAwMDAwMDB9fQ==",
          "dependencies": [
            "module.ec2-rds-scheduler.aws_iam_role.lambda_role"
          ]
        }
      ]
    },
    {
      "module": "module.ec2-rds-scheduler",
      "mode": "managed",
      "type": "aws_lambda_function",
      "name": "ec2_shutdown",
      "provider": "provider[\"registry.terraform.io/hashicorp/aws\"]",
      "instances": [
        {
          "schema_version": 0,
          "attributes": {
            "architectures": [
              "x86_64"
            ],
            "arn": "arn:aws:lambda:us-east-1:976859928792:function:ec2_shutdown",
            "code_signing_config_arn": "",
            "dead_letter_config": [],
            "description": "",
            "environment": [],
            "ephemeral_storage": [
              {
                "size": 512
              }
            ],
            "file_system_config": [],
            "filename": ".terraform/modules/ec2-rds-scheduler/resources/ec2_shutdown.zip",
            "function_name": "ec2_shutdown",
            "handler": "ec2_shutdown.lambda_handler",
            "id": "ec2_shutdown",
            "image_config": [],
            "image_uri": "",
            "invoke_arn": "arn:aws:apigateway:us-east-1:lambda:path/2015-03-31/functions/arn:aws:lambda:us-east-1:976859928792:function:ec2_shutdown/invocations",
            "kms_key_arn": "",
            "last_modified": "2024-04-16T18:22:11.319+0000",
            "layers": null,
            "memory_size": 128,
            "package_type": "Zip",
            "publish": false,
            "qualified_arn": "arn:aws:lambda:us-east-1:976859928792:function:ec2_shutdown:$LATEST",
            "qualified_invoke_arn": "arn:aws:apigateway:us-east-1:lambda:path/2015-03-31/functions/arn:aws:lambda:us-east-1:976859928792:function:ec2_shutdown:$LATEST/invocations",
            "reserved_concurrent_executions": -1,
            "role": "arn:aws:iam::976859928792:role/lambda_start_stop",
            "runtime": "python3.8",
            "s3_bucket": null,
            "s3_key": null,
            "s3_object_version": null,
            "signing_job_arn": "",
            "signing_profile_version_arn": "",
            "source_code_hash": "IBrDu6M7uTASqngsveaoapeSewDSvLEXp4bgpRHo6Is=",
            "source_code_size": 466,
            "tags": null,
            "tags_all": {
              "env": "dev",
              "iac": "Terraform",
              "owner": "Sebastian",
              "project": "cerverus",
              "region": "virginia"
            },
            "timeout": 30,
            "timeouts": null,
            "tracing_config": [
              {
                "mode": "PassThrough"
              }
            ],
            "version": "$LATEST",
            "vpc_config": []
          },
          "sensitive_attributes": [],
          "private": "eyJlMmJmYjczMC1lY2FhLTExZTYtOGY4OC0zNDM2M2JjN2M0YzAiOnsiY3JlYXRlIjo2MDAwMDAwMDAwMDB9fQ==",
          "dependencies": [
            "module.ec2-rds-scheduler.aws_iam_role.lambda_role"
          ]
        }
      ]
    },
    {
      "module": "module.ec2-rds-scheduler",
      "mode": "managed",
      "type": "aws_lambda_function",
      "name": "ec2_start",
      "provider": "provider[\"registry.terraform.io/hashicorp/aws\"]",
      "instances": [
        {
          "schema_version": 0,
          "attributes": {
            "architectures": [
              "x86_64"
            ],
            "arn": "arn:aws:lambda:us-east-1:976859928792:function:ec2_start",
            "code_signing_config_arn": "",
            "dead_letter_config": [],
            "description": "",
            "environment": [],
            "ephemeral_storage": [
              {
                "size": 512
              }
            ],
            "file_system_config": [],
            "filename": ".terraform/modules/ec2-rds-scheduler/resources/ec2_start.zip",
            "function_name": "ec2_start",
            "handler": "ec2_start.lambda_handler",
            "id": "ec2_start",
            "image_config": [],
            "image_uri": "",
            "invoke_arn": "arn:aws:apigateway:us-east-1:lambda:path/2015-03-31/functions/arn:aws:lambda:us-east-1:976859928792:function:ec2_start/invocations",
            "kms_key_arn": "",
            "last_modified": "2024-04-16T18:22:05.540+0000",
            "layers": null,
            "memory_size": 128,
            "package_type": "Zip",
            "publish": false,
            "qualified_arn": "arn:aws:lambda:us-east-1:976859928792:function:ec2_start:$LATEST",
            "qualified_invoke_arn": "arn:aws:apigateway:us-east-1:lambda:path/2015-03-31/functions/arn:aws:lambda:us-east-1:976859928792:function:ec2_start:$LATEST/invocations",
            "reserved_concurrent_executions": -1,
            "role": "arn:aws:iam::976859928792:role/lambda_start_stop",
            "runtime": "python3.8",
            "s3_bucket": null,
            "s3_key": null,
            "s3_object_version": null,
            "signing_job_arn": "",
            "signing_profile_version_arn": "",
            "source_code_hash": "7MVcdpdTjGod0CMbd7Hs3DUCsWQ8HNL5Z+yP0BSoYCw=",
            "source_code_size": 464,
            "tags": null,
            "tags_all": {
              "env": "dev",
              "iac": "Terraform",
              "owner": "Sebastian",
              "project": "cerverus",
              "region": "virginia"
            },
            "timeout": 30,
            "timeouts": null,
            "tracing_config": [
              {
                "mode": "PassThrough"
              }
            ],
            "version": "$LATEST",
            "vpc_config": []
          },
          "sensitive_attributes": [],
          "private": "eyJlMmJmYjczMC1lY2FhLTExZTYtOGY4OC0zNDM2M2JjN2M0YzAiOnsiY3JlYXRlIjo2MDAwMDAwMDAwMDB9fQ==",
          "dependencies": [
            "module.ec2-rds-scheduler.aws_iam_role.lambda_role"
          ]
        }
      ]
    },
    {
      "module": "module.ec2-rds-scheduler",
      "mode": "managed",
      "type": "aws_lambda_function",
      "name": "rds_shutdown",
      "provider": "provider[\"registry.terraform.io/hashicorp/aws\"]",
      "instances": [
        {
          "schema_version": 0,
          "attributes": {
            "architectures": [
              "x86_64"
            ],
            "arn": "arn:aws:lambda:us-east-1:976859928792:function:rds_shutdown",
            "code_signing_config_arn": "",
            "dead_letter_config": [],
            "description": "",
            "environment": [],
            "ephemeral_storage": [
              {
                "size": 512
              }
            ],
            "file_system_config": [],
            "filename": ".terraform/modules/ec2-rds-scheduler/resources/rds_shutdown.zip",
            "function_name": "rds_shutdown",
            "handler": "rds_shutdown.lambda_handler",
            "id": "rds_shutdown",
            "image_config": [],
            "image_uri": "",
            "invoke_arn": "arn:aws:apigateway:us-east-1:lambda:path/2015-03-31/functions/arn:aws:lambda:us-east-1:976859928792:function:rds_shutdown/invocations",
            "kms_key_arn": "",
            "last_modified": "2024-04-16T18:22:34.321+0000",
            "layers": null,
            "memory_size": 128,
            "package_type": "Zip",
            "publish": false,
            "qualified_arn": "arn:aws:lambda:us-east-1:976859928792:function:rds_shutdown:$LATEST",
            "qualified_invoke_arn": "arn:aws:apigateway:us-east-1:lambda:path/2015-03-31/functions/arn:aws:lambda:us-east-1:976859928792:function:rds_shutdown:$LATEST/invocations",
            "reserved_concurrent_executions": -1,
            "role": "arn:aws:iam::976859928792:role/lambda_start_stop",
            "runtime": "python3.8",
            "s3_bucket": null,
            "s3_key": null,
            "s3_object_version": null,
            "signing_job_arn": "",
            "signing_profile_version_arn": "",
            "source_code_hash": "686UUe2wtxJvWLDYvWFAXUzQn6OUZTFOemCBNV0nzdg=",
            "source_code_size": 535,
            "tags": null,
            "tags_all": {
              "env": "dev",
              "iac": "Terraform",
              "owner": "Sebastian",
              "project": "cerverus",
              "region": "virginia"
            },
            "timeout": 30,
            "timeouts": null,
            "tracing_config": [
              {
                "mode": "PassThrough"
              }
            ],
            "version": "$LATEST",
            "vpc_config": []
          },
          "sensitive_attributes": [],
          "private": "eyJlMmJmYjczMC1lY2FhLTExZTYtOGY4OC0zNDM2M2JjN2M0YzAiOnsiY3JlYXRlIjo2MDAwMDAwMDAwMDB9fQ==",
          "dependencies": [
            "module.ec2-rds-scheduler.aws_iam_role.lambda_role"
          ]
        }
      ]
    },
    {
      "module": "module.ec2-rds-scheduler",
      "mode": "managed",
      "type": "aws_lambda_function",
      "name": "rds_start",
      "provider": "provider[\"registry.terraform.io/hashicorp/aws\"]",
      "instances": [
        {
          "schema_version": 0,
          "attributes": {
            "architectures": [
              "x86_64"
            ],
            "arn": "arn:aws:lambda:us-east-1:976859928792:function:rds_start",
            "code_signing_config_arn": "",
            "dead_letter_config": [],
            "description": "",
            "environment": [],
            "ephemeral_storage": [
              {
                "size": 512
              }
            ],
            "file_system_config": [],
            "filename": ".terraform/modules/ec2-rds-scheduler/resources/rds_start.zip",
            "function_name": "rds_start",
            "handler": "rds_start.lambda_handler",
            "id": "rds_start",
            "image_config": [],
            "image_uri": "",
            "invoke_arn": "arn:aws:apigateway:us-east-1:lambda:path/2015-03-31/functions/arn:aws:lambda:us-east-1:976859928792:function:rds_start/invocations",
            "kms_key_arn": "",
            "last_modified": "2024-04-16T18:22:40.193+0000",
            "layers": null,
            "memory_size": 128,
            "package_type": "Zip",
            "publish": false,
            "qualified_arn": "arn:aws:lambda:us-east-1:976859928792:function:rds_start:$LATEST",
            "qualified_invoke_arn": "arn:aws:apigateway:us-east-1:lambda:path/2015-03-31/functions/arn:aws:lambda:us-east-1:976859928792:function:rds_start:$LATEST/invocations",
            "reserved_concurrent_executions": -1,
            "role": "arn:aws:iam::976859928792:role/lambda_start_stop",
            "runtime": "python3.8",
            "s3_bucket": null,
            "s3_key": null,
            "s3_object_version": null,
            "signing_job_arn": "",
            "signing_profile_version_arn": "",
            "source_code_hash": "E17OEYhbQ8p2Oa/5rMrmvwlRPCULV08yTTVt5WLX32A=",
            "source_code_size": 531,
            "tags": null,
            "tags_all": {
              "env": "dev",
              "iac": "Terraform",
              "owner": "Sebastian",
              "project": "cerverus",
              "region": "virginia"
            },
            "timeout": 30,
            "timeouts": null,
            "tracing_config": [
              {
                "mode": "PassThrough"
              }
            ],
            "version": "$LATEST",
            "vpc_config": []
          },
          "sensitive_attributes": [],
          "private": "eyJlMmJmYjczMC1lY2FhLTExZTYtOGY4OC0zNDM2M2JjN2M0YzAiOnsiY3JlYXRlIjo2MDAwMDAwMDAwMDB9fQ==",
          "dependencies": [
            "module.ec2-rds-scheduler.aws_iam_role.lambda_role"
          ]
        }
      ]
    }
  ],
  "check_results": null
}
