{
	"version": 4,
	"terraform_version": "1.8.0",
	"serial": 63,
	"lineage": "a62f17b0-0c5e-44fd-feba-242439f06b8f",
	"outputs": {
		"ec2_public_ip": {
			"value": "44.197.193.149",
			"type": "string"
		}
	},
	"resources": [
		{
			"mode": "data",
			"type": "aws_key_pair",
			"name": "key",
			"provider": "provider[\"registry.terraform.io/hashicorp/aws\"]",
			"instances": [
				{
					"schema_version": 0,
					"attributes": {
						"arn": "arn:aws:ec2:us-east-1:976859928792:key-pair/mykey",
						"create_time": "2024-04-15T17:40:26Z",
						"filter": null,
						"fingerprint": "37:28:4b:81:4c:f4:e1:6e:d1:49:8b:1d:c0:3a:76:d8:40:22:22:95",
						"id": "key-0b6703f9fccc2ad07",
						"include_public_key": false,
						"key_name": "mykey",
						"key_pair_id": "key-0b6703f9fccc2ad07",
						"key_type": "rsa",
						"public_key": "",
						"tags": {},
						"timeouts": null
					},
					"sensitive_attributes": []
				}
			]
		},
		{
			"mode": "managed",
			"type": "aws_instance",
			"name": "public_instance",
			"provider": "provider[\"registry.terraform.io/hashicorp/aws\"]",
			"instances": [
				{
					"schema_version": 1,
					"attributes": {
						"ami": "ami-051f8a213df8bc089",
						"arn": "arn:aws:ec2:us-east-1:976859928792:instance/i-0b76f2226d0871cc9",
						"associate_public_ip_address": true,
						"availability_zone": "us-east-1d",
						"capacity_reservation_specification": [
							{
								"capacity_reservation_preference": "open",
								"capacity_reservation_target": []
							}
						],
						"cpu_core_count": 1,
						"cpu_threads_per_core": 1,
						"credit_specification": [
							{
								"cpu_credits": "standard"
							}
						],
						"disable_api_stop": false,
						"disable_api_termination": false,
						"ebs_block_device": [],
						"ebs_optimized": false,
						"enclave_options": [
							{
								"enabled": false
							}
						],
						"ephemeral_block_device": [],
						"get_password_data": false,
						"hibernation": false,
						"host_id": null,
						"host_resource_group_arn": null,
						"iam_instance_profile": "",
						"id": "i-0b76f2226d0871cc9",
						"instance_initiated_shutdown_behavior": "stop",
						"instance_state": "running",
						"instance_type": "t2.micro",
						"ipv6_address_count": 0,
						"ipv6_addresses": [],
						"key_name": "mykey",
						"launch_template": [],
						"maintenance_options": [
							{
								"auto_recovery": "default"
							}
						],
						"metadata_options": [
							{
								"http_endpoint": "enabled",
								"http_put_response_hop_limit": 2,
								"http_tokens": "required",
								"instance_metadata_tags": "disabled"
							}
						],
						"monitoring": false,
						"network_interface": [],
						"outpost_arn": "",
						"password_data": "",
						"placement_group": "",
						"placement_partition_number": null,
						"primary_network_interface_id": "eni-035234914e27c13fd",
						"private_dns": "ip-10-10-0-177.ec2.internal",
						"private_dns_name_options": [
							{
								"enable_resource_name_dns_a_record": false,
								"enable_resource_name_dns_aaaa_record": false,
								"hostname_type": "ip-name"
							}
						],
						"private_ip": "10.10.0.177",
						"public_dns": "",
						"public_ip": "44.197.193.149",
						"root_block_device": [
							{
								"delete_on_termination": true,
								"device_name": "/dev/xvda",
								"encrypted": false,
								"iops": 3000,
								"kms_key_id": "",
								"tags": {},
								"throughput": 125,
								"volume_id": "vol-078175ee8e998df02",
								"volume_size": 8,
								"volume_type": "gp3"
							}
						],
						"secondary_private_ips": [],
						"security_groups": [],
						"source_dest_check": true,
						"subnet_id": "subnet-02d696e16ecf51363",
						"tags": null,
						"tags_all": {
							"IAC": "Terraform",
							"env": "Dev",
							"owner": "Sebastian"
						},
						"tenancy": "default",
						"timeouts": null,
						"user_data": null,
						"user_data_base64": null,
						"user_data_replace_on_change": false,
						"volume_tags": null,
						"vpc_security_group_ids": [
							"sg-01f0ac33a50a48c56"
						]
					},
					"sensitive_attributes": [],
					"private": "eyJlMmJmYjczMC1lY2FhLTExZTYtOGY4OC0zNDM2M2JjN2M0YzAiOnsiY3JlYXRlIjo2MDAwMDAwMDAwMDAsImRlbGV0ZSI6MTIwMDAwMDAwMDAwMCwidXBkYXRlIjo2MDAwMDAwMDAwMDB9LCJzY2hlbWFfdmVyc2lvbiI6IjEifQ==",
					"dependencies": [
						"aws_subnet.public_subnet",
						"aws_vpc.vpc-virginia",
						"data.aws_key_pair.key"
					]
				}
			]
		},
		{
			"mode": "managed",
			"type": "aws_subnet",
			"name": "private_subnet",
			"provider": "provider[\"registry.terraform.io/hashicorp/aws\"]",
			"instances": [
				{
					"schema_version": 1,
					"attributes": {
						"arn": "arn:aws:ec2:us-east-1:976859928792:subnet/subnet-09f0a487da1fb5313",
						"assign_ipv6_address_on_creation": false,
						"availability_zone": "us-east-1d",
						"availability_zone_id": "use1-az1",
						"cidr_block": "10.10.1.0/24",
						"customer_owned_ipv4_pool": "",
						"enable_dns64": false,
						"enable_resource_name_dns_a_record_on_launch": false,
						"enable_resource_name_dns_aaaa_record_on_launch": false,
						"id": "subnet-09f0a487da1fb5313",
						"ipv6_cidr_block": "",
						"ipv6_cidr_block_association_id": "",
						"ipv6_native": false,
						"map_customer_owned_ip_on_launch": false,
						"map_public_ip_on_launch": false,
						"outpost_arn": "",
						"owner_id": "976859928792",
						"private_dns_hostname_type_on_launch": "ip-name",
						"tags": {
							"Name": "private_subnet"
						},
						"tags_all": {
							"IAC": "Terraform",
							"Name": "private_subnet",
							"env": "Dev",
							"owner": "Sebastian"
						},
						"timeouts": null,
						"vpc_id": "vpc-0a6109e1b5170fcf3"
					},
					"sensitive_attributes": [],
					"private": "eyJlMmJmYjczMC1lY2FhLTExZTYtOGY4OC0zNDM2M2JjN2M0YzAiOnsiY3JlYXRlIjo2MDAwMDAwMDAwMDAsImRlbGV0ZSI6MTIwMDAwMDAwMDAwMH0sInNjaGVtYV92ZXJzaW9uIjoiMSJ9",
					"dependencies": [
						"aws_subnet.public_subnet",
						"aws_vpc.vpc-virginia"
					]
				}
			]
		},
		{
			"mode": "managed",
			"type": "aws_subnet",
			"name": "public_subnet",
			"provider": "provider[\"registry.terraform.io/hashicorp/aws\"]",
			"instances": [
				{
					"schema_version": 1,
					"attributes": {
						"arn": "arn:aws:ec2:us-east-1:976859928792:subnet/subnet-02d696e16ecf51363",
						"assign_ipv6_address_on_creation": false,
						"availability_zone": "us-east-1d",
						"availability_zone_id": "use1-az1",
						"cidr_block": "10.10.0.0/24",
						"customer_owned_ipv4_pool": "",
						"enable_dns64": false,
						"enable_resource_name_dns_a_record_on_launch": false,
						"enable_resource_name_dns_aaaa_record_on_launch": false,
						"id": "subnet-02d696e16ecf51363",
						"ipv6_cidr_block": "",
						"ipv6_cidr_block_association_id": "",
						"ipv6_native": false,
						"map_customer_owned_ip_on_launch": false,
						"map_public_ip_on_launch": true,
						"outpost_arn": "",
						"owner_id": "976859928792",
						"private_dns_hostname_type_on_launch": "ip-name",
						"tags": {
							"Name": "public_subnet"
						},
						"tags_all": {
							"IAC": "Terraform",
							"Name": "public_subnet",
							"env": "Dev",
							"owner": "Sebastian"
						},
						"timeouts": null,
						"vpc_id": "vpc-0a6109e1b5170fcf3"
					},
					"sensitive_attributes": [],
					"private": "eyJlMmJmYjczMC1lY2FhLTExZTYtOGY4OC0zNDM2M2JjN2M0YzAiOnsiY3JlYXRlIjo2MDAwMDAwMDAwMDAsImRlbGV0ZSI6MTIwMDAwMDAwMDAwMH0sInNjaGVtYV92ZXJzaW9uIjoiMSJ9",
					"dependencies": [
						"aws_vpc.vpc-virginia"
					]
				}
			]
		},
		{
			"mode": "managed",
			"type": "aws_vpc",
			"name": "vpc-virginia",
			"provider": "provider[\"registry.terraform.io/hashicorp/aws\"]",
			"instances": [
				{
					"schema_version": 1,
					"attributes": {
						"arn": "arn:aws:ec2:us-east-1:976859928792:vpc/vpc-0a6109e1b5170fcf3",
						"assign_generated_ipv6_cidr_block": false,
						"cidr_block": "10.10.0.0/16",
						"default_network_acl_id": "acl-04cc5bbff5c4c0746",
						"default_route_table_id": "rtb-0b2312792ab72ca17",
						"default_security_group_id": "sg-01f0ac33a50a48c56",
						"dhcp_options_id": "dopt-0a58c513d3a09e3a7",
						"enable_classiclink": false,
						"enable_classiclink_dns_support": false,
						"enable_dns_hostnames": false,
						"enable_dns_support": true,
						"enable_network_address_usage_metrics": false,
						"id": "vpc-0a6109e1b5170fcf3",
						"instance_tenancy": "default",
						"ipv4_ipam_pool_id": null,
						"ipv4_netmask_length": null,
						"ipv6_association_id": "",
						"ipv6_cidr_block": "",
						"ipv6_cidr_block_network_border_group": "",
						"ipv6_ipam_pool_id": "",
						"ipv6_netmask_length": 0,
						"main_route_table_id": "rtb-0b2312792ab72ca17",
						"owner_id": "976859928792",
						"tags": {
							"Name": "VPC Virginia"
						},
						"tags_all": {
							"IAC": "Terraform",
							"Name": "VPC Virginia",
							"env": "Dev",
							"owner": "Sebastian"
						}
					},
					"sensitive_attributes": [],
					"private": "eyJzY2hlbWFfdmVyc2lvbiI6IjEifQ=="
				}
			]
		}
	],
	"check_results": null
}